
Microsoft Visual Studio Solution File, Format Version 12.00
# Visual Studio 15
VisualStudioVersion = 15.0.27130.2036
MinimumVisualStudioVersion = 10.0.40219.1
Project("{8BC9CEB8-8B4A-11D0-8D11-00A0C91BC942}") = "hellow", "hellow\hellow.vcxproj", "{8CAE8126-56CD-4801-87D0-A5C3B6E7654A}"
EndProject
Global
	GlobalSection(SolutionConfigurationPlatforms) = preSolution
		Debug|x64 = Debug|x64
		Debug|x86 = Debug|x86
		Release|x64 = Release|x64
		Release|x86 = Release|x86
	EndGlobalSection
	GlobalSection(ProjectConfigurationPlatforms) = postSolution
		{8CAE8126-56CD-4801-87D0-A5C3B6E7654A}.Debug|x64.ActiveCfg = Debug|x64
		{8CAE8126-56CD-4801-87D0-A5C3B6E7654A}.Debug|x64.Build.0 = Debug|x64
		{8CAE8126-56CD-4801-87D0-A5C3B6E7654A}.Debug|x86.ActiveCfg = Debug|Win32
		{8CAE8126-56CD-4801-87D0-A5C3B6E7654A}.Debug|x86.Build.0 = Debug|Win32
		{8CAE8126-56CD-4801-87D0-A5C3B6E7654A}.Release|x64.ActiveCfg = Release|x64
		{8CAE8126-56CD-4801-87D0-A5C3B6E7654A}.Release|x64.Build.0 = Release|x64
		{8CAE8126-56CD-4801-87D0-A5C3B6E7654A}.Release|x86.ActiveCfg = Release|Win32
		{8CAE8126-56CD-4801-87D0-A5C3B6E7654A}.Release|x86.Build.0 = Release|Win32
	EndGlobalSection
	GlobalSection(SolutionProperties) = preSolution
		HideSolutionNode = FALSE
	EndGlobalSection
	GlobalSection(ExtensibilityGlobals) = postSolution
		SolutionGuid = {3A0BAD64-82AA-4A6B-8916-400FB611AE72}
	EndGlobalSection
EndGlobal
