Microsoft Visual Studio Solution File, Format Version 7.00
Project("{FAE04EC0-301F-11D3-BF4B-00C04F79EFBC}") = "Ch10Ex01", "Ch10Ex01.csproj", "{6241D394-0F30-44AE-A96E-63248DC10E26}"
EndProject
Global
	GlobalSection(SolutionConfiguration) = preSolution
		ConfigName.0 = Debug
		ConfigName.1 = Release
	EndGlobalSection
	GlobalSection(ProjectDependencies) = postSolution
	EndGlobalSection
	GlobalSection(ProjectConfiguration) = postSolution
		{6241D394-0F30-44AE-A96E-63248DC10E26}.Debug.ActiveCfg = Debug|.NET
		{6241D394-0F30-44AE-A96E-63248DC10E26}.Debug.Build.0 = Debug|.NET
		{6241D394-0F30-44AE-A96E-63248DC10E26}.Release.ActiveCfg = Release|.NET
		{6241D394-0F30-44AE-A96E-63248DC10E26}.Release.Build.0 = Release|.NET
	EndGlobalSection
	GlobalSection(ExtensibilityGlobals) = postSolution
	EndGlobalSection
	GlobalSection(ExtensibilityAddIns) = postSolution
	EndGlobalSection
EndGlobal
