Microsoft Visual Studio Solution File, Format Version 7.00
Project("{FAE04EC0-301F-11D3-BF4B-00C04F79EFBC}") = "Ch12CardLib", "Ch12CardLib.csproj", "{ED4ED0DE-A0F2-4B57-9E36-25C6C6E4CE69}"
EndProject
Project("{FAE04EC0-301F-11D3-BF4B-00C04F79EFBC}") = "Ch12CardClient", "..\Ch12CardClient\Ch12CardClient.csproj", "{AC0CFB86-71D3-4368-9D00-C6132FA5F7C1}"
EndProject
Global
	GlobalSection(SolutionConfiguration) = preSolution
		ConfigName.0 = Debug
		ConfigName.1 = Release
	EndGlobalSection
	GlobalSection(ProjectDependencies) = postSolution
	EndGlobalSection
	GlobalSection(ProjectConfiguration) = postSolution
		{ED4ED0DE-A0F2-4B57-9E36-25C6C6E4CE69}.Debug.ActiveCfg = Debug|.NET
		{ED4ED0DE-A0F2-4B57-9E36-25C6C6E4CE69}.Debug.Build.0 = Debug|.NET
		{ED4ED0DE-A0F2-4B57-9E36-25C6C6E4CE69}.Release.ActiveCfg = Release|.NET
		{ED4ED0DE-A0F2-4B57-9E36-25C6C6E4CE69}.Release.Build.0 = Release|.NET
		{AC0CFB86-71D3-4368-9D00-C6132FA5F7C1}.Debug.ActiveCfg = Debug|.NET
		{AC0CFB86-71D3-4368-9D00-C6132FA5F7C1}.Debug.Build.0 = Debug|.NET
		{AC0CFB86-71D3-4368-9D00-C6132FA5F7C1}.Release.ActiveCfg = Release|.NET
		{AC0CFB86-71D3-4368-9D00-C6132FA5F7C1}.Release.Build.0 = Release|.NET
	EndGlobalSection
	GlobalSection(ExtensibilityGlobals) = postSolution
	EndGlobalSection
	GlobalSection(ExtensibilityAddIns) = postSolution
	EndGlobalSection
EndGlobal
