Microsoft Visual Studio Solution File, Format Version 7.00
Project("{FAE04EC0-301F-11D3-BF4B-00C04F79EFBC}") = "MenuExample", "MenuExample.csproj", "{455B984E-9582-4C99-8C95-4A9A3A73262D}"
EndProject
Global
	GlobalSection(SolutionConfiguration) = preSolution
		ConfigName.0 = Debug
		ConfigName.1 = Release
	EndGlobalSection
	GlobalSection(ProjectDependencies) = postSolution
	EndGlobalSection
	GlobalSection(ProjectConfiguration) = postSolution
		{455B984E-9582-4C99-8C95-4A9A3A73262D}.Debug.ActiveCfg = Debug|.NET
		{455B984E-9582-4C99-8C95-4A9A3A73262D}.Debug.Build.0 = Debug|.NET
		{455B984E-9582-4C99-8C95-4A9A3A73262D}.Release.ActiveCfg = Release|.NET
		{455B984E-9582-4C99-8C95-4A9A3A73262D}.Release.Build.0 = Release|.NET
	EndGlobalSection
	GlobalSection(ExtensibilityGlobals) = postSolution
	EndGlobalSection
	GlobalSection(ExtensibilityAddIns) = postSolution
	EndGlobalSection
EndGlobal
