Microsoft Visual Studio Solution File, Format Version 8.00
Project("{8BC9CEB8-8B4A-11D0-8D11-00A0C91BC942}") = "SockTest", "SockTest.vcproj", "{1A05C9B6-8F1E-440B-8A32-BA58AC8CD03D}"
	ProjectSection(ProjectDependencies) = postProject
	EndProjectSection
EndProject
Global
	GlobalSection(SolutionConfiguration) = preSolution
		Debug = Debug
		Release = Release
	EndGlobalSection
	GlobalSection(ProjectConfiguration) = postSolution
		{1A05C9B6-8F1E-440B-8A32-BA58AC8CD03D}.Debug.ActiveCfg = Debug|Win32
		{1A05C9B6-8F1E-440B-8A32-BA58AC8CD03D}.Debug.Build.0 = Debug|Win32
		{1A05C9B6-8F1E-440B-8A32-BA58AC8CD03D}.Release.ActiveCfg = Release|Win32
		{1A05C9B6-8F1E-440B-8A32-BA58AC8CD03D}.Release.Build.0 = Release|Win32
	EndGlobalSection
	GlobalSection(ExtensibilityGlobals) = postSolution
	EndGlobalSection
	GlobalSection(ExtensibilityAddIns) = postSolution
	EndGlobalSection
EndGlobal
