Microsoft Visual Studio Solution File, Format Version 7.00
Project("{FAE04EC0-301F-11D3-BF4B-00C04F79EFBC}") = "Ch09Ex03", "Ch09Ex03.csproj", "{C0511083-7038-4448-85B3-7356DE749E0B}"
EndProject
Global
	GlobalSection(SolutionConfiguration) = preSolution
		ConfigName.0 = Debug
		ConfigName.1 = Release
	EndGlobalSection
	GlobalSection(ProjectDependencies) = postSolution
	EndGlobalSection
	GlobalSection(ProjectConfiguration) = postSolution
		{C0511083-7038-4448-85B3-7356DE749E0B}.Debug.ActiveCfg = Debug|.NET
		{C0511083-7038-4448-85B3-7356DE749E0B}.Debug.Build.0 = Debug|.NET
		{C0511083-7038-4448-85B3-7356DE749E0B}.Release.ActiveCfg = Release|.NET
		{C0511083-7038-4448-85B3-7356DE749E0B}.Release.Build.0 = Release|.NET
	EndGlobalSection
	GlobalSection(ExtensibilityGlobals) = postSolution
	EndGlobalSection
	GlobalSection(ExtensibilityAddIns) = postSolution
	EndGlobalSection
EndGlobal
