Microsoft Visual Studio Solution File, Format Version 7.00
Project("{FAE04EC0-301F-11D3-BF4B-00C04F79EFBC}") = "Ch03Ex01", "Ch03Ex01.csproj", "{02244E2F-83F3-4171-8228-7BBF61BAB13C}"
EndProject
Global
	GlobalSection(SolutionConfiguration) = preSolution
		ConfigName.0 = Debug
		ConfigName.1 = Release
	EndGlobalSection
	GlobalSection(ProjectDependencies) = postSolution
	EndGlobalSection
	GlobalSection(ProjectConfiguration) = postSolution
		{02244E2F-83F3-4171-8228-7BBF61BAB13C}.Debug.ActiveCfg = Debug|.NET
		{02244E2F-83F3-4171-8228-7BBF61BAB13C}.Debug.Build.0 = Debug|.NET
		{02244E2F-83F3-4171-8228-7BBF61BAB13C}.Release.ActiveCfg = Release|.NET
		{02244E2F-83F3-4171-8228-7BBF61BAB13C}.Release.Build.0 = Release|.NET
	EndGlobalSection
	GlobalSection(ExtensibilityGlobals) = postSolution
	EndGlobalSection
	GlobalSection(ExtensibilityAddIns) = postSolution
	EndGlobalSection
EndGlobal
