Microsoft Visual Studio Solution File, Format Version 7.00
Project("{FAE04EC0-301F-11D3-BF4B-00C04F79EFBC}") = "Ch07Ex01", "Ch07Ex01.csproj", "{04070009-8AFC-4C9F-9F66-C54A703EBDDE}"
EndProject
Global
	GlobalSection(SolutionConfiguration) = preSolution
		ConfigName.0 = Debug
		ConfigName.1 = Release
	EndGlobalSection
	GlobalSection(ProjectDependencies) = postSolution
	EndGlobalSection
	GlobalSection(ProjectConfiguration) = postSolution
		{04070009-8AFC-4C9F-9F66-C54A703EBDDE}.Debug.ActiveCfg = Debug|.NET
		{04070009-8AFC-4C9F-9F66-C54A703EBDDE}.Debug.Build.0 = Debug|.NET
		{04070009-8AFC-4C9F-9F66-C54A703EBDDE}.Release.ActiveCfg = Release|.NET
		{04070009-8AFC-4C9F-9F66-C54A703EBDDE}.Release.Build.0 = Release|.NET
	EndGlobalSection
	GlobalSection(ExtensibilityGlobals) = postSolution
	EndGlobalSection
	GlobalSection(ExtensibilityAddIns) = postSolution
	EndGlobalSection
EndGlobal
