Microsoft Visual Studio Solution File, Format Version 7.00
Project("{FAE04EC0-301F-11D3-BF4B-00C04F79EFBC}") = "Ch11Ex03", "Ch11Ex03.csproj", "{6F797E91-0123-4A43-98E6-77C161E72DD5}"
EndProject
Global
	GlobalSection(SolutionConfiguration) = preSolution
		ConfigName.0 = Debug
		ConfigName.1 = Release
	EndGlobalSection
	GlobalSection(ProjectDependencies) = postSolution
	EndGlobalSection
	GlobalSection(ProjectConfiguration) = postSolution
		{6F797E91-0123-4A43-98E6-77C161E72DD5}.Debug.ActiveCfg = Debug|.NET
		{6F797E91-0123-4A43-98E6-77C161E72DD5}.Debug.Build.0 = Debug|.NET
		{6F797E91-0123-4A43-98E6-77C161E72DD5}.Release.ActiveCfg = Release|.NET
		{6F797E91-0123-4A43-98E6-77C161E72DD5}.Release.Build.0 = Release|.NET
	EndGlobalSection
	GlobalSection(ExtensibilityGlobals) = postSolution
	EndGlobalSection
	GlobalSection(ExtensibilityAddIns) = postSolution
	EndGlobalSection
EndGlobal
