Microsoft Visual Studio Solution File, Format Version 8.00
Project("{8BC9CEB8-8B4A-11D0-8D11-00A0C91BC942}") = "Event", "Event.vcproj", "{70D2EB34-B76C-4EC9-BF6C-68BF1732BD57}"
	ProjectSection(ProjectDependencies) = postProject
	EndProjectSection
EndProject
Global
	GlobalSection(SolutionConfiguration) = preSolution
		Debug = Debug
		Release = Release
	EndGlobalSection
	GlobalSection(ProjectConfiguration) = postSolution
		{70D2EB34-B76C-4EC9-BF6C-68BF1732BD57}.Debug.ActiveCfg = Debug|Win32
		{70D2EB34-B76C-4EC9-BF6C-68BF1732BD57}.Debug.Build.0 = Debug|Win32
		{70D2EB34-B76C-4EC9-BF6C-68BF1732BD57}.Release.ActiveCfg = Release|Win32
		{70D2EB34-B76C-4EC9-BF6C-68BF1732BD57}.Release.Build.0 = Release|Win32
	EndGlobalSection
	GlobalSection(ExtensibilityGlobals) = postSolution
	EndGlobalSection
	GlobalSection(ExtensibilityAddIns) = postSolution
	EndGlobalSection
EndGlobal
