Microsoft Visual Studio Solution File, Format Version 7.00
Project("{FAE04EC0-301F-11D3-BF4B-00C04F79EFBC}") = "TestBoxTest", "TestBoxTest.csproj", "{A02334E9-E12D-4A53-8238-A223CB340654}"
EndProject
Global
	GlobalSection(SolutionConfiguration) = preSolution
		ConfigName.0 = Debug
		ConfigName.1 = Release
	EndGlobalSection
	GlobalSection(ProjectDependencies) = postSolution
	EndGlobalSection
	GlobalSection(ProjectConfiguration) = postSolution
		{A02334E9-E12D-4A53-8238-A223CB340654}.Debug.ActiveCfg = Debug|.NET
		{A02334E9-E12D-4A53-8238-A223CB340654}.Debug.Build.0 = Debug|.NET
		{A02334E9-E12D-4A53-8238-A223CB340654}.Release.ActiveCfg = Release|.NET
		{A02334E9-E12D-4A53-8238-A223CB340654}.Release.Build.0 = Release|.NET
	EndGlobalSection
	GlobalSection(ExtensibilityGlobals) = postSolution
	EndGlobalSection
	GlobalSection(ExtensibilityAddIns) = postSolution
	EndGlobalSection
EndGlobal
