Microsoft Visual Studio Solution File, Format Version 7.00
Project("{FAE04EC0-301F-11D3-BF4B-00C04F79EFBC}") = "MdiBasic", "MdiBasic.csproj", "{E1B71E00-2AB0-41AA-9D98-C7F99376AE93}"
EndProject
Global
	GlobalSection(SolutionConfiguration) = preSolution
		ConfigName.0 = Debug
		ConfigName.1 = Release
	EndGlobalSection
	GlobalSection(ProjectDependencies) = postSolution
	EndGlobalSection
	GlobalSection(ProjectConfiguration) = postSolution
		{E1B71E00-2AB0-41AA-9D98-C7F99376AE93}.Debug.ActiveCfg = Debug|.NET
		{E1B71E00-2AB0-41AA-9D98-C7F99376AE93}.Debug.Build.0 = Debug|.NET
		{E1B71E00-2AB0-41AA-9D98-C7F99376AE93}.Release.ActiveCfg = Release|.NET
		{E1B71E00-2AB0-41AA-9D98-C7F99376AE93}.Release.Build.0 = Release|.NET
	EndGlobalSection
	GlobalSection(ExtensibilityGlobals) = postSolution
	EndGlobalSection
	GlobalSection(ExtensibilityAddIns) = postSolution
	EndGlobalSection
EndGlobal
