Microsoft Visual Studio Solution File, Format Version 7.00
Project("{FAE04EC0-301F-11D3-BF4B-00C04F79EFBC}") = "Lists", "Lists.csproj", "{E641ED60-CFC3-4F8C-915B-87D8D14D4846}"
EndProject
Global
	GlobalSection(SolutionConfiguration) = preSolution
		ConfigName.0 = Debug
		ConfigName.1 = Release
	EndGlobalSection
	GlobalSection(ProjectDependencies) = postSolution
	EndGlobalSection
	GlobalSection(ProjectConfiguration) = postSolution
		{E641ED60-CFC3-4F8C-915B-87D8D14D4846}.Debug.ActiveCfg = Debug|.NET
		{E641ED60-CFC3-4F8C-915B-87D8D14D4846}.Debug.Build.0 = Debug|.NET
		{E641ED60-CFC3-4F8C-915B-87D8D14D4846}.Release.ActiveCfg = Release|.NET
		{E641ED60-CFC3-4F8C-915B-87D8D14D4846}.Release.Build.0 = Release|.NET
	EndGlobalSection
	GlobalSection(ExtensibilityGlobals) = postSolution
	EndGlobalSection
	GlobalSection(ExtensibilityAddIns) = postSolution
	EndGlobalSection
EndGlobal
